
Microsoft Visual Studio Solution File, Format Version 12.00
# Visual Studio Version 17
VisualStudioVersion = 17.14.36203.30 d17.14
MinimumVisualStudioVersion = 10.0.40219.1
Project("{FAE04EC0-301F-11D3-BF4B-00C04F79EFBC}") = "GerenciadorDeProdutos.Domain", "GerenciadorDeProdutos.Domain\GerenciadorDeProdutos.Domain.csproj", "{032396BB-D3A1-4ACB-9C66-57AB619DE08F}"
EndProject
Project("{FAE04EC0-301F-11D3-BF4B-00C04F79EFBC}") = "GerenciadorDeProdutos.Infrastructure", "GerenciadorDeProdutos.Infrastructure\GerenciadorDeProdutos.Infrastructure.csproj", "{CDBBF4C5-F585-4CBE-A27B-0F0E327E1B5D}"
EndProject
Project("{FAE04EC0-301F-11D3-BF4B-00C04F79EFBC}") = "GerenciadorDeProdutos.ConsoleApp", "GerenciadorDeProdutos.ConsoleApp\GerenciadorDeProdutos.ConsoleApp.csproj", "{B6BA619C-5526-4DB8-A7D0-670AC3382F41}"
EndProject
Global
	GlobalSection(SolutionConfigurationPlatforms) = preSolution
		Debug|Any CPU = Debug|Any CPU
		Release|Any CPU = Release|Any CPU
	EndGlobalSection
	GlobalSection(ProjectConfigurationPlatforms) = postSolution
		{032396BB-D3A1-4ACB-9C66-57AB619DE08F}.Debug|Any CPU.ActiveCfg = Debug|Any CPU
		{032396BB-D3A1-4ACB-9C66-57AB619DE08F}.Debug|Any CPU.Build.0 = Debug|Any CPU
		{032396BB-D3A1-4ACB-9C66-57AB619DE08F}.Release|Any CPU.ActiveCfg = Release|Any CPU
		{032396BB-D3A1-4ACB-9C66-57AB619DE08F}.Release|Any CPU.Build.0 = Release|Any CPU
		{CDBBF4C5-F585-4CBE-A27B-0F0E327E1B5D}.Debug|Any CPU.ActiveCfg = Debug|Any CPU
		{CDBBF4C5-F585-4CBE-A27B-0F0E327E1B5D}.Debug|Any CPU.Build.0 = Debug|Any CPU
		{CDBBF4C5-F585-4CBE-A27B-0F0E327E1B5D}.Release|Any CPU.ActiveCfg = Release|Any CPU
		{CDBBF4C5-F585-4CBE-A27B-0F0E327E1B5D}.Release|Any CPU.Build.0 = Release|Any CPU
		{B6BA619C-5526-4DB8-A7D0-670AC3382F41}.Debug|Any CPU.ActiveCfg = Debug|Any CPU
		{B6BA619C-5526-4DB8-A7D0-670AC3382F41}.Debug|Any CPU.Build.0 = Debug|Any CPU
		{B6BA619C-5526-4DB8-A7D0-670AC3382F41}.Release|Any CPU.ActiveCfg = Release|Any CPU
		{B6BA619C-5526-4DB8-A7D0-670AC3382F41}.Release|Any CPU.Build.0 = Release|Any CPU
	EndGlobalSection
	GlobalSection(SolutionProperties) = preSolution
		HideSolutionNode = FALSE
	EndGlobalSection
	GlobalSection(ExtensibilityGlobals) = postSolution
		SolutionGuid = {0E4C1A79-73D8-4021-9AFD-CA97BFD036D6}
	EndGlobalSection
EndGlobal
