
Microsoft Visual Studio Solution File, Format Version 12.00
# Visual Studio Version 17
VisualStudioVersion = 17.14.36203.30 d17.14
MinimumVisualStudioVersion = 10.0.40219.1
Project("{FAE04EC0-301F-11D3-BF4B-00C04F79EFBC}") = "02-formatando-strings", "02-formatando-strings.csproj", "{9B5F7F71-E793-4D9D-BB6E-8468D15ADC82}"
EndProject
Global
	GlobalSection(SolutionConfigurationPlatforms) = preSolution
		Debug|Any CPU = Debug|Any CPU
		Release|Any CPU = Release|Any CPU
	EndGlobalSection
	GlobalSection(ProjectConfigurationPlatforms) = postSolution
		{9B5F7F71-E793-4D9D-BB6E-8468D15ADC82}.Debug|Any CPU.ActiveCfg = Debug|Any CPU
		{9B5F7F71-E793-4D9D-BB6E-8468D15ADC82}.Debug|Any CPU.Build.0 = Debug|Any CPU
		{9B5F7F71-E793-4D9D-BB6E-8468D15ADC82}.Release|Any CPU.ActiveCfg = Release|Any CPU
		{9B5F7F71-E793-4D9D-BB6E-8468D15ADC82}.Release|Any CPU.Build.0 = Release|Any CPU
	EndGlobalSection
	GlobalSection(SolutionProperties) = preSolution
		HideSolutionNode = FALSE
	EndGlobalSection
	GlobalSection(ExtensibilityGlobals) = postSolution
		SolutionGuid = {A9C30A0B-2F00-408F-AE4E-3D229C3D7745}
	EndGlobalSection
EndGlobal
