
Microsoft Visual Studio Solution File, Format Version 12.00
# Visual Studio Version 17
VisualStudioVersion = 17.14.36203.30 d17.14
MinimumVisualStudioVersion = 10.0.40219.1
Project("{FAE04EC0-301F-11D3-BF4B-00C04F79EFBC}") = "SelecaoDeProdutosComLINQ", "SelecaoDeProdutosComLINQ.csproj", "{90727233-7964-47DE-AA18-14F7D2E3E388}"
EndProject
Global
	GlobalSection(SolutionConfigurationPlatforms) = preSolution
		Debug|Any CPU = Debug|Any CPU
		Release|Any CPU = Release|Any CPU
	EndGlobalSection
	GlobalSection(ProjectConfigurationPlatforms) = postSolution
		{90727233-7964-47DE-AA18-14F7D2E3E388}.Debug|Any CPU.ActiveCfg = Debug|Any CPU
		{90727233-7964-47DE-AA18-14F7D2E3E388}.Debug|Any CPU.Build.0 = Debug|Any CPU
		{90727233-7964-47DE-AA18-14F7D2E3E388}.Release|Any CPU.ActiveCfg = Release|Any CPU
		{90727233-7964-47DE-AA18-14F7D2E3E388}.Release|Any CPU.Build.0 = Release|Any CPU
	EndGlobalSection
	GlobalSection(SolutionProperties) = preSolution
		HideSolutionNode = FALSE
	EndGlobalSection
	GlobalSection(ExtensibilityGlobals) = postSolution
		SolutionGuid = {D9D685C5-928F-47DF-8542-02A6F8EF9F62}
	EndGlobalSection
EndGlobal
